
Microsoft Visual Studio Solution File, Format Version 12.00
# Visual Studio 15
VisualStudioVersion = 15.0.28307.168
MinimumVisualStudioVersion = 10.0.40219.1
Project("{8BC9CEB8-8B4A-11D0-8D11-00A0C91BC942}") = "multithreading", "multithreading\multithreading.vcxproj", "{FE546CF6-9D54-4166-9B42-BAC67724C087}"
EndProject
Global
	GlobalSection(SolutionConfigurationPlatforms) = preSolution
		Debug|x64 = Debug|x64
		Debug|x86 = Debug|x86
		Release|x64 = Release|x64
		Release|x86 = Release|x86
	EndGlobalSection
	GlobalSection(ProjectConfigurationPlatforms) = postSolution
		{FE546CF6-9D54-4166-9B42-BAC67724C087}.Debug|x64.ActiveCfg = Debug|x64
		{FE546CF6-9D54-4166-9B42-BAC67724C087}.Debug|x64.Build.0 = Debug|x64
		{FE546CF6-9D54-4166-9B42-BAC67724C087}.Debug|x86.ActiveCfg = Debug|Win32
		{FE546CF6-9D54-4166-9B42-BAC67724C087}.Debug|x86.Build.0 = Debug|Win32
		{FE546CF6-9D54-4166-9B42-BAC67724C087}.Release|x64.ActiveCfg = Release|x64
		{FE546CF6-9D54-4166-9B42-BAC67724C087}.Release|x64.Build.0 = Release|x64
		{FE546CF6-9D54-4166-9B42-BAC67724C087}.Release|x86.ActiveCfg = Release|Win32
		{FE546CF6-9D54-4166-9B42-BAC67724C087}.Release|x86.Build.0 = Release|Win32
	EndGlobalSection
	GlobalSection(SolutionProperties) = preSolution
		HideSolutionNode = FALSE
	EndGlobalSection
	GlobalSection(ExtensibilityGlobals) = postSolution
		SolutionGuid = {E08788A8-0292-4799-8588-CE05E5340094}
	EndGlobalSection
EndGlobal
